
Microsoft Visual Studio Solution File, Format Version 12.00
# Visual Studio 14
VisualStudioVersion = 14.0.25420.1
MinimumVisualStudioVersion = 10.0.40219.1
Project("{FAE04EC0-301F-11D3-BF4B-00C04F79EFBC}") = "simple_login_register", "simple_login_register\simple_login_register.csproj", "{30095928-275E-4B4E-9B68-1DCC21927CE8}"
EndProject
Project("{FAE04EC0-301F-11D3-BF4B-00C04F79EFBC}") = "UserAccess", "UserAccess\UserAccess.csproj", "{3186ABD6-C24F-400B-B12C-5B19728CB907}"
EndProject
Project("{FAE04EC0-301F-11D3-BF4B-00C04F79EFBC}") = "angJS", "angJS\angJS.csproj", "{EBB5ADAB-BCB5-45ED-A5E8-A3CE18246285}"
EndProject
Global
	GlobalSection(SolutionConfigurationPlatforms) = preSolution
		Debug|Any CPU = Debug|Any CPU
		Release|Any CPU = Release|Any CPU
	EndGlobalSection
	GlobalSection(ProjectConfigurationPlatforms) = postSolution
		{30095928-275E-4B4E-9B68-1DCC21927CE8}.Debug|Any CPU.ActiveCfg = Debug|Any CPU
		{30095928-275E-4B4E-9B68-1DCC21927CE8}.Debug|Any CPU.Build.0 = Debug|Any CPU
		{30095928-275E-4B4E-9B68-1DCC21927CE8}.Release|Any CPU.ActiveCfg = Release|Any CPU
		{30095928-275E-4B4E-9B68-1DCC21927CE8}.Release|Any CPU.Build.0 = Release|Any CPU
		{3186ABD6-C24F-400B-B12C-5B19728CB907}.Debug|Any CPU.ActiveCfg = Debug|Any CPU
		{3186ABD6-C24F-400B-B12C-5B19728CB907}.Debug|Any CPU.Build.0 = Debug|Any CPU
		{3186ABD6-C24F-400B-B12C-5B19728CB907}.Release|Any CPU.ActiveCfg = Release|Any CPU
		{3186ABD6-C24F-400B-B12C-5B19728CB907}.Release|Any CPU.Build.0 = Release|Any CPU
		{EBB5ADAB-BCB5-45ED-A5E8-A3CE18246285}.Debug|Any CPU.ActiveCfg = Debug|Any CPU
		{EBB5ADAB-BCB5-45ED-A5E8-A3CE18246285}.Debug|Any CPU.Build.0 = Debug|Any CPU
		{EBB5ADAB-BCB5-45ED-A5E8-A3CE18246285}.Release|Any CPU.ActiveCfg = Release|Any CPU
		{EBB5ADAB-BCB5-45ED-A5E8-A3CE18246285}.Release|Any CPU.Build.0 = Release|Any CPU
	EndGlobalSection
	GlobalSection(SolutionProperties) = preSolution
		HideSolutionNode = FALSE
	EndGlobalSection
EndGlobal
